// !$*UTF8*$!
{
	archiveVersion = 1;
	classes = {
	};
	objectVersion = 46;
	objects = {

/* Begin PBXBuildFile section */
		3D65ABD91D36EF5B006C93B0 /* AppDelegate.swift in Sources */ = {isa = PBXBuildFile; fileRef = 3D65ABD81D36EF5B006C93B0 /* AppDelegate.swift */; };
		3D65ABDB1D36EF5B006C93B0 /* ViewController.swift in Sources */ = {isa = PBXBuildFile; fileRef = 3D65ABDA1D36EF5B006C93B0 /* ViewController.swift */; };
		3D65ABDE1D36EF5B006C93B0 /* Main.storyboard in Resources */ = {isa = PBXBuildFile; fileRef = 3D65ABDC1D36EF5B006C93B0 /* Main.storyboard */; };
		3D65ABE01D36EF5B006C93B0 /* Assets.xcassets in Resources */ = {isa = PBXBuildFile; fileRef = 3D65ABDF1D36EF5B006C93B0 /* Assets.xcassets */; };
		3D65ABE31D36EF5B006C93B0 /* LaunchScreen.storyboard in Resources */ = {isa = PBXBuildFile; fileRef = 3D65ABE11D36EF5B006C93B0 /* LaunchScreen.storyboard */; };
		3DA940AF1D37F0D7007FC0E9 /* InteractiveStory.swift in Sources */ = {isa = PBXBuildFile; fileRef = 3DA940AE1D37F0D7007FC0E9 /* InteractiveStory.swift */; };
		3DA940B11D38006C007FC0E9 /* PageController.swift in Sources */ = {isa = PBXBuildFile; fileRef = 3DA940B01D38006C007FC0E9 /* PageController.swift */; };
/* End PBXBuildFile section */

/* Begin PBXFileReference section */
		3D65ABD51D36EF5B006C93B0 /* InteractiveStory.app */ = {isa = PBXFileReference; explicitFileType = wrapper.application; includeInIndex = 0; path = InteractiveStory.app; sourceTree = BUILT_PRODUCTS_DIR; };
		3D65ABD81D36EF5B006C93B0 /* AppDelegate.swift */ = {isa = PBXFileReference; lastKnownFileType = sourcecode.swift; path = AppDelegate.swift; sourceTree = "<group>"; };
		3D65ABDA1D36EF5B006C93B0 /* ViewController.swift */ = {isa = PBXFileReference; lastKnownFileType = sourcecode.swift; path = ViewController.swift; sourceTree = "<group>"; };
		3D65ABDD1D36EF5B006C93B0 /* Base */ = {isa = PBXFileReference; lastKnownFileType = file.storyboard; name = Base; path = Base.lproj/Main.storyboard; sourceTree = "<group>"; };
		3D65ABDF1D36EF5B006C93B0 /* Assets.xcassets */ = {isa = PBXFileReference; lastKnownFileType = folder.assetcatalog; path = Assets.xcassets; sourceTree = "<group>"; };
		3D65ABE21D36EF5B006C93B0 /* Base */ = {isa = PBXFileReference; lastKnownFileType = file.storyboard; name = Base; path = Base.lproj/LaunchScreen.storyboard; sourceTree = "<group>"; };
		3D65ABE41D36EF5B006C93B0 /* Info.plist */ = {isa = PBXFileReference; lastKnownFileType = text.plist.xml; path = Info.plist; sourceTree = "<group>"; };
		3DA940AE1D37F0D7007FC0E9 /* InteractiveStory.swift */ = {isa = PBXFileReference; fileEncoding = 4; lastKnownFileType = sourcecode.swift; path = InteractiveStory.swift; sourceTree = "<group>"; };
		3DA940B01D38006C007FC0E9 /* PageController.swift */ = {isa = PBXFileReference; fileEncoding = 4; lastKnownFileType = sourcecode.swift; path = PageController.swift; sourceTree = "<group>"; };
/* End PBXFileReference section */

/* Begin PBXFrameworksBuildPhase section */
		3D65ABD21D36EF5B006C93B0 /* Frameworks */ = {
			isa = PBXFrameworksBuildPhase;
			buildActionMask = 2147483647;
			files = (
			);
			runOnlyForDeploymentPostprocessing = 0;
		};
/* End PBXFrameworksBuildPhase section */

/* Begin PBXGroup section */
		3D65ABCC1D36EF5B006C93B0 = {
			isa = PBXGroup;
			children = (
				3D65ABD71D36EF5B006C93B0 /* InteractiveStory */,
				3D65ABD61D36EF5B006C93B0 /* Products */,
			);
			sourceTree = "<group>";
		};
		3D65ABD61D36EF5B006C93B0 /* Products */ = {
			isa = PBXGroup;
			children = (
				3D65ABD51D36EF5B006C93B0 /* InteractiveStory.app */,
			);
			name = Products;
			sourceTree = "<group>";
		};
		3D65ABD71D36EF5B006C93B0 /* InteractiveStory */ = {
			isa = PBXGroup;
			children = (
				3D65ABD81D36EF5B006C93B0 /* AppDelegate.swift */,
				3D65ABDA1D36EF5B006C93B0 /* ViewController.swift */,
				3DA940B01D38006C007FC0E9 /* PageController.swift */,
				3D65ABDC1D36EF5B006C93B0 /* Main.storyboard */,
				3D65ABDF1D36EF5B006C93B0 /* Assets.xcassets */,
				3D65ABE11D36EF5B006C93B0 /* LaunchScreen.storyboard */,
				3D65ABE41D36EF5B006C93B0 /* Info.plist */,
				3DA940AE1D37F0D7007FC0E9 /* InteractiveStory.swift */,
			);
			path = InteractiveStory;
			sourceTree = "<group>";
		};
/* End PBXGroup section */

/* Begin PBXNativeTarget section */
		3D65ABD41D36EF5B006C93B0 /* InteractiveStory */ = {
			isa = PBXNativeTarget;
			buildConfigurationList = 3D65ABE71D36EF5B006C93B0 /* Build configuration list for PBXNativeTarget "InteractiveStory" */;
			buildPhases = (
				3D65ABD11D36EF5B006C93B0 /* Sources */,
				3D65ABD21D36EF5B006C93B0 /* Frameworks */,
				3D65ABD31D36EF5B006C93B0 /* Resources */,
			);
			buildRules = (
			);
			dependencies = (
			);
			name = InteractiveStory;
			productName = InteractiveStory;
			productReference = 3D65ABD51D36EF5B006C93B0 /* InteractiveStory.app */;
			productType = "com.apple.product-type.application";
		};
/* End PBXNativeTarget section */

/* Begin PBXProject section */
		3D65ABCD1D36EF5B006C93B0 /* Project object */ = {
			isa = PBXProject;
			attributes = {
				LastSwiftUpdateCheck = 0730;
				LastUpgradeCheck = 0730;
				ORGANIZATIONNAME = "Julia Nocera";
				TargetAttributes = {
					3D65ABD41D36EF5B006C93B0 = {
						CreatedOnToolsVersion = 7.3.1;
					};
				};
			};
			buildConfigurationList = 3D65ABD01D36EF5B006C93B0 /* Build configuration list for PBXProject "InteractiveStory" */;
			compatibilityVersion = "Xcode 3.2";
			developmentRegion = English;
			hasScannedForEncodings = 0;
			knownRegions = (
				en,
				Base,
			);
			mainGroup = 3D65ABCC1D36EF5B006C93B0;
			productRefGroup = 3D65ABD61D36EF5B006C93B0 /* Products */;
			projectDirPath = "";
			projectRoot = "";
			targets = (
				3D65ABD41D36EF5B006C93B0 /* InteractiveStory */,
			);
		};
/* End PBXProject section */

/* Begin PBXResourcesBuildPhase section */
		3D65ABD31D36EF5B006C93B0 /* Resources */ = {
			isa = PBXResourcesBuildPhase;
			buildActionMask = 2147483647;
			files = (
				3D65ABE31D36EF5B006C93B0 /* LaunchScreen.storyboard in Resources */,
				3D65ABE01D36EF5B006C93B0 /* Assets.xcassets in Resources */,
				3D65ABDE1D36EF5B006C93B0 /* Main.storyboard in Resources */,
			);
			runOnlyForDeploymentPostprocessing = 0;
		};
/* End PBXResourcesBuildPhase section */

/* Begin PBXSourcesBuildPhase section */
		3D65ABD11D36EF5B006C93B0 /* Sources */ = {
			isa = PBXSourcesBuildPhase;
			buildActionMask = 2147483647;
			files = (
				3DA940B11D38006C007FC0E9 /* PageController.swift in Sources */,
				3DA940AF1D37F0D7007FC0E9 /* InteractiveStory.swift in Sources */,
				3D65ABDB1D36EF5B006C93B0 /* ViewController.swift in Sources */,
				3D65ABD91D36EF5B006C93B0 /* AppDelegate.swift in Sources */,
			);
			runOnlyForDeploymentPostprocessing = 0;
		};
/* End PBXSourcesBuildPhase section */

/* Begin PBXVariantGroup section */
		3D65ABDC1D36EF5B006C93B0 /* Main.storyboard */ = {
			isa = PBXVariantGroup;
			children = (
				3D65ABDD1D36EF5B006C93B0 /* Base */,
			);
			name = Main.storyboard;
			sourceTree = "<group>";
		};
		3D65ABE11D36EF5B006C93B0 /* LaunchScreen.storyboard */ = {
			isa = PBXVariantGroup;
			children = (
				3D65ABE21D36EF5B006C93B0 /* Base */,
			);
			name = LaunchScreen.storyboard;
			sourceTree = "<group>";
		};
/* End PBXVariantGroup section */

/* Begin XCBuildConfiguration section */
		3D65ABE51D36EF5B006C93B0 /* Debug */ = {
			isa = XCBuildConfiguration;
			buildSettings = {
				ALWAYS_SEARCH_USER_PATHS = NO;
				CLANG_ANALYZER_NONNULL = YES;
				CLANG_CXX_LANGUAGE_STANDARD = "gnu++0x";
				CLANG_CXX_LIBRARY = "libc++";
				CLANG_ENABLE_MODULES = YES;
				CLANG_ENABLE_OBJC_ARC = YES;
				CLANG_WARN_BOOL_CONVERSION = YES;
				CLANG_WARN_CONSTANT_CONVERSION = YES;
				CLANG_WARN_DIRECT_OBJC_ISA_USAGE = YES_ERROR;
				CLANG_WARN_EMPTY_BODY = YES;
				CLANG_WARN_ENUM_CONVERSION = YES;
				CLANG_WARN_INT_CONVERSION = YES;
				CLANG_WARN_OBJC_ROOT_CLASS = YES_ERROR;
				CLANG_WARN_UNREACHABLE_CODE = YES;
				CLANG_WARN__DUPLICATE_METHOD_MATCH = YES;
				"CODE_SIGN_IDENTITY[sdk=iphoneos*]" = "iPhone Developer";
				COPY_PHASE_STRIP = NO;
				DEBUG_INFORMATION_FORMAT = dwarf;
				ENABLE_STRICT_OBJC_MSGSEND = YES;
				ENABLE_TESTABILITY = YES;
				GCC_C_LANGUAGE_STANDARD = gnu99;
				GCC_DYNAMIC_NO_PIC = NO;
				GCC_NO_COMMON_BLOCKS = YES;
				GCC_OPTIMIZATION_LEVEL = 0;
				GCC_PREPROCESSOR_DEFINITIONS = (
					"DEBUG=1",
					"$(inherited)",
				);
				GCC_WARN_64_TO_32_BIT_CONVERSION = YES;
				GCC_WARN_ABOUT_RETURN_TYPE = YES_ERROR;
				GCC_WARN_UNDECLARED_SELECTOR = YES;
				GCC_WARN_UNINITIALIZED_AUTOS = YES_AGGRESSIVE;
				GCC_WARN_UNUSED_FUNCTION = YES;
				GCC_WARN_UNUSED_VARIABLE = YES;
				IPHONEOS_DEPLOYMENT_TARGET = 9.3;
				MTL_ENABLE_DEBUG_INFO = YES;
				ONLY_ACTIVE_ARCH = YES;
				SDKROOT = iphoneos;
				SWIFT_OPTIMIZATION_LEVEL = "-Onone";
			};
			name = Debug;
		};
		3D65ABE61D36EF5B006C93B0 /* Release */ = {
			isa = XCBuildConfiguration;
			buildSettings = {
				ALWAYS_SEARCH_USER_PATHS = NO;
				CLANG_ANALYZER_NONNULL = YES;
				CLANG_CXX_LANGUAGE_STANDARD = "gnu++0x";
				CLANG_CXX_LIBRARY = "libc++";
				CLANG_ENABLE_MODULES = YES;
				CLANG_ENABLE_OBJC_ARC = YES;
				CLANG_WARN_BOOL_CONVERSION = YES;
				CLANG_WARN_CONSTANT_CONVERSION = YES;
				CLANG_WARN_DIRECT_OBJC_ISA_USAGE = YES_ERROR;
				CLANG_WARN_EMPTY_BODY = YES;
				CLANG_WARN_ENUM_CONVERSION = YES;
				CLANG_WARN_INT_CONVERSION = YES;
				CLANG_WARN_OBJC_ROOT_CLASS = YES_ERROR;
				CLANG_WARN_UNREACHABLE_CODE = YES;
				CLANG_WARN__DUPLICATE_METHOD_MATCH = YES;
				"CODE_SIGN_IDENTITY[sdk=iphoneos*]" = "iPhone Developer";
				COPY_PHASE_STRIP = NO;
				DEBUG_INFORMATION_FORMAT = "dwarf-with-dsym";
				ENABLE_NS_ASSERTIONS = NO;
				ENABLE_STRICT_OBJC_MSGSEND = YES;
				GCC_C_LANGUAGE_STANDARD = gnu99;
				GCC_NO_COMMON_BLOCKS = YES;
				GCC_WARN_64_TO_32_BIT_CONVERSION = YES;
				GCC_WARN_ABOUT_RETURN_TYPE = YES_ERROR;
				GCC_WARN_UNDECLARED_SELECTOR = YES;
				GCC_WARN_UNINITIALIZED_AUTOS = YES_AGGRESSIVE;
				GCC_WARN_UNUSED_FUNCTION = YES;
				GCC_WARN_UNUSED_VARIABLE = YES;
				IPHONEOS_DEPLOYMENT_TARGET = 9.3;
				MTL_ENABLE_DEBUG_INFO = NO;
				SDKROOT = iphoneos;
				VALIDATE_PRODUCT = YES;
			};
			name = Release;
		};
		3D65ABE81D36EF5B006C93B0 /* Debug */ = {
			isa = XCBuildConfiguration;
			buildSettings = {
				ASSETCATALOG_COMPILER_APPICON_NAME = AppIcon;
				INFOPLIST_FILE = InteractiveStory/Info.plist;
				LD_RUNPATH_SEARCH_PATHS = "$(inherited) @executable_path/Frameworks";
				PRODUCT_BUNDLE_IDENTIFIER = com.julianocera.InteractiveStory;
				PRODUCT_NAME = "$(TARGET_NAME)";
			};
			name = Debug;
		};
		3D65ABE91D36EF5B006C93B0 /* Release */ = {
			isa = XCBuildConfiguration;
			buildSettings = {
				ASSETCATALOG_COMPILER_APPICON_NAME = AppIcon;
				INFOPLIST_FILE = InteractiveStory/Info.plist;
				LD_RUNPATH_SEARCH_PATHS = "$(inherited) @executable_path/Frameworks";
				PRODUCT_BUNDLE_IDENTIFIER = com.julianocera.InteractiveStory;
				PRODUCT_NAME = "$(TARGET_NAME)";
			};
			name = Release;
		};
/* End XCBuildConfiguration section */

/* Begin XCConfigurationList section */
		3D65ABD01D36EF5B006C93B0 /* Build configuration list for PBXProject "InteractiveStory" */ = {
			isa = XCConfigurationList;
			buildConfigurations = (
				3D65ABE51D36EF5B006C93B0 /* Debug */,
				3D65ABE61D36EF5B006C93B0 /* Release */,
			);
			defaultConfigurationIsVisible = 0;
			defaultConfigurationName = Release;
		};
		3D65ABE71D36EF5B006C93B0 /* Build configuration list for PBXNativeTarget "InteractiveStory" */ = {
			isa = XCConfigurationList;
			buildConfigurations = (
				3D65ABE81D36EF5B006C93B0 /* Debug */,
				3D65ABE91D36EF5B006C93B0 /* Release */,
			);
			defaultConfigurationIsVisible = 0;
			defaultConfigurationName = Release;
		};
/* End XCConfigurationList section */
	};
	rootObject = 3D65ABCD1D36EF5B006C93B0 /* Project object */;
}
