// !$*UTF8*$!
{
	archiveVersion = 1;
	classes = {
	};
	objectVersion = 46;
	objects = {

/* Begin PBXBuildFile section */
		3D3B40451D1D93070036F2CB /* AppDelegate.swift in Sources */ = {isa = PBXBuildFile; fileRef = 3D3B40441D1D93070036F2CB /* AppDelegate.swift */; };
		3D3B40471D1D93070036F2CB /* ViewController.swift in Sources */ = {isa = PBXBuildFile; fileRef = 3D3B40461D1D93070036F2CB /* ViewController.swift */; };
		3D3B404A1D1D93070036F2CB /* Main.storyboard in Resources */ = {isa = PBXBuildFile; fileRef = 3D3B40481D1D93070036F2CB /* Main.storyboard */; };
		3D3B404C1D1D93070036F2CB /* Assets.xcassets in Resources */ = {isa = PBXBuildFile; fileRef = 3D3B404B1D1D93070036F2CB /* Assets.xcassets */; };
		3D3B404F1D1D93070036F2CB /* LaunchScreen.storyboard in Resources */ = {isa = PBXBuildFile; fileRef = 3D3B404D1D1D93070036F2CB /* LaunchScreen.storyboard */; };
		3D3B405A1D1D93070036F2CB /* FunFactsTests.swift in Sources */ = {isa = PBXBuildFile; fileRef = 3D3B40591D1D93070036F2CB /* FunFactsTests.swift */; };
		3D3B40651D1D93070036F2CB /* FunFactsUITests.swift in Sources */ = {isa = PBXBuildFile; fileRef = 3D3B40641D1D93070036F2CB /* FunFactsUITests.swift */; };
		3D3B40761D1DB4C90036F2CB /* FactBook.swift in Sources */ = {isa = PBXBuildFile; fileRef = 3D3B40751D1DB4C90036F2CB /* FactBook.swift */; };
		3D3B40781D1DBD710036F2CB /* ColorWheel.swift in Sources */ = {isa = PBXBuildFile; fileRef = 3D3B40771D1DBD710036F2CB /* ColorWheel.swift */; };
/* End PBXBuildFile section */

/* Begin PBXContainerItemProxy section */
		3D3B40561D1D93070036F2CB /* PBXContainerItemProxy */ = {
			isa = PBXContainerItemProxy;
			containerPortal = 3D3B40391D1D93070036F2CB /* Project object */;
			proxyType = 1;
			remoteGlobalIDString = 3D3B40401D1D93070036F2CB;
			remoteInfo = FunFacts;
		};
		3D3B40611D1D93070036F2CB /* PBXContainerItemProxy */ = {
			isa = PBXContainerItemProxy;
			containerPortal = 3D3B40391D1D93070036F2CB /* Project object */;
			proxyType = 1;
			remoteGlobalIDString = 3D3B40401D1D93070036F2CB;
			remoteInfo = FunFacts;
		};
/* End PBXContainerItemProxy section */

/* Begin PBXFileReference section */
		3D3B40411D1D93070036F2CB /* FunFacts.app */ = {isa = PBXFileReference; explicitFileType = wrapper.application; includeInIndex = 0; path = FunFacts.app; sourceTree = BUILT_PRODUCTS_DIR; };
		3D3B40441D1D93070036F2CB /* AppDelegate.swift */ = {isa = PBXFileReference; lastKnownFileType = sourcecode.swift; path = AppDelegate.swift; sourceTree = "<group>"; };
		3D3B40461D1D93070036F2CB /* ViewController.swift */ = {isa = PBXFileReference; lastKnownFileType = sourcecode.swift; path = ViewController.swift; sourceTree = "<group>"; };
		3D3B40491D1D93070036F2CB /* Base */ = {isa = PBXFileReference; lastKnownFileType = file.storyboard; name = Base; path = Base.lproj/Main.storyboard; sourceTree = "<group>"; };
		3D3B404B1D1D93070036F2CB /* Assets.xcassets */ = {isa = PBXFileReference; lastKnownFileType = folder.assetcatalog; path = Assets.xcassets; sourceTree = "<group>"; };
		3D3B404E1D1D93070036F2CB /* Base */ = {isa = PBXFileReference; lastKnownFileType = file.storyboard; name = Base; path = Base.lproj/LaunchScreen.storyboard; sourceTree = "<group>"; };
		3D3B40501D1D93070036F2CB /* Info.plist */ = {isa = PBXFileReference; lastKnownFileType = text.plist.xml; path = Info.plist; sourceTree = "<group>"; };
		3D3B40551D1D93070036F2CB /* FunFactsTests.xctest */ = {isa = PBXFileReference; explicitFileType = wrapper.cfbundle; includeInIndex = 0; path = FunFactsTests.xctest; sourceTree = BUILT_PRODUCTS_DIR; };
		3D3B40591D1D93070036F2CB /* FunFactsTests.swift */ = {isa = PBXFileReference; lastKnownFileType = sourcecode.swift; path = FunFactsTests.swift; sourceTree = "<group>"; };
		3D3B405B1D1D93070036F2CB /* Info.plist */ = {isa = PBXFileReference; lastKnownFileType = text.plist.xml; path = Info.plist; sourceTree = "<group>"; };
		3D3B40601D1D93070036F2CB /* FunFactsUITests.xctest */ = {isa = PBXFileReference; explicitFileType = wrapper.cfbundle; includeInIndex = 0; path = FunFactsUITests.xctest; sourceTree = BUILT_PRODUCTS_DIR; };
		3D3B40641D1D93070036F2CB /* FunFactsUITests.swift */ = {isa = PBXFileReference; lastKnownFileType = sourcecode.swift; path = FunFactsUITests.swift; sourceTree = "<group>"; };
		3D3B40661D1D93070036F2CB /* Info.plist */ = {isa = PBXFileReference; lastKnownFileType = text.plist.xml; path = Info.plist; sourceTree = "<group>"; };
		3D3B40741D1DB3D80036F2CB /* scratch.playground */ = {isa = PBXFileReference; lastKnownFileType = file.playground; name = scratch.playground; path = Playgrounds/scratch.playground; sourceTree = "<group>"; };
		3D3B40751D1DB4C90036F2CB /* FactBook.swift */ = {isa = PBXFileReference; fileEncoding = 4; lastKnownFileType = sourcecode.swift; path = FactBook.swift; sourceTree = "<group>"; };
		3D3B40771D1DBD710036F2CB /* ColorWheel.swift */ = {isa = PBXFileReference; fileEncoding = 4; lastKnownFileType = sourcecode.swift; path = ColorWheel.swift; sourceTree = "<group>"; };
/* End PBXFileReference section */

/* Begin PBXFrameworksBuildPhase section */
		3D3B403E1D1D93070036F2CB /* Frameworks */ = {
			isa = PBXFrameworksBuildPhase;
			buildActionMask = 2147483647;
			files = (
			);
			runOnlyForDeploymentPostprocessing = 0;
		};
		3D3B40521D1D93070036F2CB /* Frameworks */ = {
			isa = PBXFrameworksBuildPhase;
			buildActionMask = 2147483647;
			files = (
			);
			runOnlyForDeploymentPostprocessing = 0;
		};
		3D3B405D1D1D93070036F2CB /* Frameworks */ = {
			isa = PBXFrameworksBuildPhase;
			buildActionMask = 2147483647;
			files = (
			);
			runOnlyForDeploymentPostprocessing = 0;
		};
/* End PBXFrameworksBuildPhase section */

/* Begin PBXGroup section */
		3D3B40381D1D93070036F2CB = {
			isa = PBXGroup;
			children = (
				3D3B40741D1DB3D80036F2CB /* scratch.playground */,
				3D3B40431D1D93070036F2CB /* FunFacts */,
				3D3B40581D1D93070036F2CB /* FunFactsTests */,
				3D3B40631D1D93070036F2CB /* FunFactsUITests */,
				3D3B40421D1D93070036F2CB /* Products */,
			);
			sourceTree = "<group>";
		};
		3D3B40421D1D93070036F2CB /* Products */ = {
			isa = PBXGroup;
			children = (
				3D3B40411D1D93070036F2CB /* FunFacts.app */,
				3D3B40551D1D93070036F2CB /* FunFactsTests.xctest */,
				3D3B40601D1D93070036F2CB /* FunFactsUITests.xctest */,
			);
			name = Products;
			sourceTree = "<group>";
		};
		3D3B40431D1D93070036F2CB /* FunFacts */ = {
			isa = PBXGroup;
			children = (
				3D3B40771D1DBD710036F2CB /* ColorWheel.swift */,
				3D3B40751D1DB4C90036F2CB /* FactBook.swift */,
				3D3B40441D1D93070036F2CB /* AppDelegate.swift */,
				3D3B40461D1D93070036F2CB /* ViewController.swift */,
				3D3B40481D1D93070036F2CB /* Main.storyboard */,
				3D3B404B1D1D93070036F2CB /* Assets.xcassets */,
				3D3B404D1D1D93070036F2CB /* LaunchScreen.storyboard */,
				3D3B40501D1D93070036F2CB /* Info.plist */,
			);
			path = FunFacts;
			sourceTree = "<group>";
		};
		3D3B40581D1D93070036F2CB /* FunFactsTests */ = {
			isa = PBXGroup;
			children = (
				3D3B40591D1D93070036F2CB /* FunFactsTests.swift */,
				3D3B405B1D1D93070036F2CB /* Info.plist */,
			);
			path = FunFactsTests;
			sourceTree = "<group>";
		};
		3D3B40631D1D93070036F2CB /* FunFactsUITests */ = {
			isa = PBXGroup;
			children = (
				3D3B40641D1D93070036F2CB /* FunFactsUITests.swift */,
				3D3B40661D1D93070036F2CB /* Info.plist */,
			);
			path = FunFactsUITests;
			sourceTree = "<group>";
		};
/* End PBXGroup section */

/* Begin PBXNativeTarget section */
		3D3B40401D1D93070036F2CB /* FunFacts */ = {
			isa = PBXNativeTarget;
			buildConfigurationList = 3D3B40691D1D93070036F2CB /* Build configuration list for PBXNativeTarget "FunFacts" */;
			buildPhases = (
				3D3B403D1D1D93070036F2CB /* Sources */,
				3D3B403E1D1D93070036F2CB /* Frameworks */,
				3D3B403F1D1D93070036F2CB /* Resources */,
			);
			buildRules = (
			);
			dependencies = (
			);
			name = FunFacts;
			productName = FunFacts;
			productReference = 3D3B40411D1D93070036F2CB /* FunFacts.app */;
			productType = "com.apple.product-type.application";
		};
		3D3B40541D1D93070036F2CB /* FunFactsTests */ = {
			isa = PBXNativeTarget;
			buildConfigurationList = 3D3B406C1D1D93070036F2CB /* Build configuration list for PBXNativeTarget "FunFactsTests" */;
			buildPhases = (
				3D3B40511D1D93070036F2CB /* Sources */,
				3D3B40521D1D93070036F2CB /* Frameworks */,
				3D3B40531D1D93070036F2CB /* Resources */,
			);
			buildRules = (
			);
			dependencies = (
				3D3B40571D1D93070036F2CB /* PBXTargetDependency */,
			);
			name = FunFactsTests;
			productName = FunFactsTests;
			productReference = 3D3B40551D1D93070036F2CB /* FunFactsTests.xctest */;
			productType = "com.apple.product-type.bundle.unit-test";
		};
		3D3B405F1D1D93070036F2CB /* FunFactsUITests */ = {
			isa = PBXNativeTarget;
			buildConfigurationList = 3D3B406F1D1D93070036F2CB /* Build configuration list for PBXNativeTarget "FunFactsUITests" */;
			buildPhases = (
				3D3B405C1D1D93070036F2CB /* Sources */,
				3D3B405D1D1D93070036F2CB /* Frameworks */,
				3D3B405E1D1D93070036F2CB /* Resources */,
			);
			buildRules = (
			);
			dependencies = (
				3D3B40621D1D93070036F2CB /* PBXTargetDependency */,
			);
			name = FunFactsUITests;
			productName = FunFactsUITests;
			productReference = 3D3B40601D1D93070036F2CB /* FunFactsUITests.xctest */;
			productType = "com.apple.product-type.bundle.ui-testing";
		};
/* End PBXNativeTarget section */

/* Begin PBXProject section */
		3D3B40391D1D93070036F2CB /* Project object */ = {
			isa = PBXProject;
			attributes = {
				LastSwiftUpdateCheck = 0730;
				LastUpgradeCheck = 0730;
				ORGANIZATIONNAME = "Julia Nocera";
				TargetAttributes = {
					3D3B40401D1D93070036F2CB = {
						CreatedOnToolsVersion = 7.3.1;
					};
					3D3B40541D1D93070036F2CB = {
						CreatedOnToolsVersion = 7.3.1;
						TestTargetID = 3D3B40401D1D93070036F2CB;
					};
					3D3B405F1D1D93070036F2CB = {
						CreatedOnToolsVersion = 7.3.1;
						TestTargetID = 3D3B40401D1D93070036F2CB;
					};
				};
			};
			buildConfigurationList = 3D3B403C1D1D93070036F2CB /* Build configuration list for PBXProject "FunFacts" */;
			compatibilityVersion = "Xcode 3.2";
			developmentRegion = English;
			hasScannedForEncodings = 0;
			knownRegions = (
				en,
				Base,
			);
			mainGroup = 3D3B40381D1D93070036F2CB;
			productRefGroup = 3D3B40421D1D93070036F2CB /* Products */;
			projectDirPath = "";
			projectRoot = "";
			targets = (
				3D3B40401D1D93070036F2CB /* FunFacts */,
				3D3B40541D1D93070036F2CB /* FunFactsTests */,
				3D3B405F1D1D93070036F2CB /* FunFactsUITests */,
			);
		};
/* End PBXProject section */

/* Begin PBXResourcesBuildPhase section */
		3D3B403F1D1D93070036F2CB /* Resources */ = {
			isa = PBXResourcesBuildPhase;
			buildActionMask = 2147483647;
			files = (
				3D3B404F1D1D93070036F2CB /* LaunchScreen.storyboard in Resources */,
				3D3B404C1D1D93070036F2CB /* Assets.xcassets in Resources */,
				3D3B404A1D1D93070036F2CB /* Main.storyboard in Resources */,
			);
			runOnlyForDeploymentPostprocessing = 0;
		};
		3D3B40531D1D93070036F2CB /* Resources */ = {
			isa = PBXResourcesBuildPhase;
			buildActionMask = 2147483647;
			files = (
			);
			runOnlyForDeploymentPostprocessing = 0;
		};
		3D3B405E1D1D93070036F2CB /* Resources */ = {
			isa = PBXResourcesBuildPhase;
			buildActionMask = 2147483647;
			files = (
			);
			runOnlyForDeploymentPostprocessing = 0;
		};
/* End PBXResourcesBuildPhase section */

/* Begin PBXSourcesBuildPhase section */
		3D3B403D1D1D93070036F2CB /* Sources */ = {
			isa = PBXSourcesBuildPhase;
			buildActionMask = 2147483647;
			files = (
				3D3B40471D1D93070036F2CB /* ViewController.swift in Sources */,
				3D3B40761D1DB4C90036F2CB /* FactBook.swift in Sources */,
				3D3B40451D1D93070036F2CB /* AppDelegate.swift in Sources */,
				3D3B40781D1DBD710036F2CB /* ColorWheel.swift in Sources */,
			);
			runOnlyForDeploymentPostprocessing = 0;
		};
		3D3B40511D1D93070036F2CB /* Sources */ = {
			isa = PBXSourcesBuildPhase;
			buildActionMask = 2147483647;
			files = (
				3D3B405A1D1D93070036F2CB /* FunFactsTests.swift in Sources */,
			);
			runOnlyForDeploymentPostprocessing = 0;
		};
		3D3B405C1D1D93070036F2CB /* Sources */ = {
			isa = PBXSourcesBuildPhase;
			buildActionMask = 2147483647;
			files = (
				3D3B40651D1D93070036F2CB /* FunFactsUITests.swift in Sources */,
			);
			runOnlyForDeploymentPostprocessing = 0;
		};
/* End PBXSourcesBuildPhase section */

/* Begin PBXTargetDependency section */
		3D3B40571D1D93070036F2CB /* PBXTargetDependency */ = {
			isa = PBXTargetDependency;
			target = 3D3B40401D1D93070036F2CB /* FunFacts */;
			targetProxy = 3D3B40561D1D93070036F2CB /* PBXContainerItemProxy */;
		};
		3D3B40621D1D93070036F2CB /* PBXTargetDependency */ = {
			isa = PBXTargetDependency;
			target = 3D3B40401D1D93070036F2CB /* FunFacts */;
			targetProxy = 3D3B40611D1D93070036F2CB /* PBXContainerItemProxy */;
		};
/* End PBXTargetDependency section */

/* Begin PBXVariantGroup section */
		3D3B40481D1D93070036F2CB /* Main.storyboard */ = {
			isa = PBXVariantGroup;
			children = (
				3D3B40491D1D93070036F2CB /* Base */,
			);
			name = Main.storyboard;
			sourceTree = "<group>";
		};
		3D3B404D1D1D93070036F2CB /* LaunchScreen.storyboard */ = {
			isa = PBXVariantGroup;
			children = (
				3D3B404E1D1D93070036F2CB /* Base */,
			);
			name = LaunchScreen.storyboard;
			sourceTree = "<group>";
		};
/* End PBXVariantGroup section */

/* Begin XCBuildConfiguration section */
		3D3B40671D1D93070036F2CB /* Debug */ = {
			isa = XCBuildConfiguration;
			buildSettings = {
				ALWAYS_SEARCH_USER_PATHS = NO;
				CLANG_ANALYZER_NONNULL = YES;
				CLANG_CXX_LANGUAGE_STANDARD = "gnu++0x";
				CLANG_CXX_LIBRARY = "libc++";
				CLANG_ENABLE_MODULES = YES;
				CLANG_ENABLE_OBJC_ARC = YES;
				CLANG_WARN_BOOL_CONVERSION = YES;
				CLANG_WARN_CONSTANT_CONVERSION = YES;
				CLANG_WARN_DIRECT_OBJC_ISA_USAGE = YES_ERROR;
				CLANG_WARN_EMPTY_BODY = YES;
				CLANG_WARN_ENUM_CONVERSION = YES;
				CLANG_WARN_INT_CONVERSION = YES;
				CLANG_WARN_OBJC_ROOT_CLASS = YES_ERROR;
				CLANG_WARN_UNREACHABLE_CODE = YES;
				CLANG_WARN__DUPLICATE_METHOD_MATCH = YES;
				"CODE_SIGN_IDENTITY[sdk=iphoneos*]" = "iPhone Developer";
				COPY_PHASE_STRIP = NO;
				DEBUG_INFORMATION_FORMAT = dwarf;
				ENABLE_STRICT_OBJC_MSGSEND = YES;
				ENABLE_TESTABILITY = YES;
				GCC_C_LANGUAGE_STANDARD = gnu99;
				GCC_DYNAMIC_NO_PIC = NO;
				GCC_NO_COMMON_BLOCKS = YES;
				GCC_OPTIMIZATION_LEVEL = 0;
				GCC_PREPROCESSOR_DEFINITIONS = (
					"DEBUG=1",
					"$(inherited)",
				);
				GCC_WARN_64_TO_32_BIT_CONVERSION = YES;
				GCC_WARN_ABOUT_RETURN_TYPE = YES_ERROR;
				GCC_WARN_UNDECLARED_SELECTOR = YES;
				GCC_WARN_UNINITIALIZED_AUTOS = YES_AGGRESSIVE;
				GCC_WARN_UNUSED_FUNCTION = YES;
				GCC_WARN_UNUSED_VARIABLE = YES;
				IPHONEOS_DEPLOYMENT_TARGET = 9.3;
				MTL_ENABLE_DEBUG_INFO = YES;
				ONLY_ACTIVE_ARCH = YES;
				SDKROOT = iphoneos;
				SWIFT_OPTIMIZATION_LEVEL = "-Onone";
				TARGETED_DEVICE_FAMILY = "1,2";
			};
			name = Debug;
		};
		3D3B40681D1D93070036F2CB /* Release */ = {
			isa = XCBuildConfiguration;
			buildSettings = {
				ALWAYS_SEARCH_USER_PATHS = NO;
				CLANG_ANALYZER_NONNULL = YES;
				CLANG_CXX_LANGUAGE_STANDARD = "gnu++0x";
				CLANG_CXX_LIBRARY = "libc++";
				CLANG_ENABLE_MODULES = YES;
				CLANG_ENABLE_OBJC_ARC = YES;
				CLANG_WARN_BOOL_CONVERSION = YES;
				CLANG_WARN_CONSTANT_CONVERSION = YES;
				CLANG_WARN_DIRECT_OBJC_ISA_USAGE = YES_ERROR;
				CLANG_WARN_EMPTY_BODY = YES;
				CLANG_WARN_ENUM_CONVERSION = YES;
				CLANG_WARN_INT_CONVERSION = YES;
				CLANG_WARN_OBJC_ROOT_CLASS = YES_ERROR;
				CLANG_WARN_UNREACHABLE_CODE = YES;
				CLANG_WARN__DUPLICATE_METHOD_MATCH = YES;
				"CODE_SIGN_IDENTITY[sdk=iphoneos*]" = "iPhone Developer";
				COPY_PHASE_STRIP = NO;
				DEBUG_INFORMATION_FORMAT = "dwarf-with-dsym";
				ENABLE_NS_ASSERTIONS = NO;
				ENABLE_STRICT_OBJC_MSGSEND = YES;
				GCC_C_LANGUAGE_STANDARD = gnu99;
				GCC_NO_COMMON_BLOCKS = YES;
				GCC_WARN_64_TO_32_BIT_CONVERSION = YES;
				GCC_WARN_ABOUT_RETURN_TYPE = YES_ERROR;
				GCC_WARN_UNDECLARED_SELECTOR = YES;
				GCC_WARN_UNINITIALIZED_AUTOS = YES_AGGRESSIVE;
				GCC_WARN_UNUSED_FUNCTION = YES;
				GCC_WARN_UNUSED_VARIABLE = YES;
				IPHONEOS_DEPLOYMENT_TARGET = 9.3;
				MTL_ENABLE_DEBUG_INFO = NO;
				SDKROOT = iphoneos;
				TARGETED_DEVICE_FAMILY = "1,2";
				VALIDATE_PRODUCT = YES;
			};
			name = Release;
		};
		3D3B406A1D1D93070036F2CB /* Debug */ = {
			isa = XCBuildConfiguration;
			buildSettings = {
				ASSETCATALOG_COMPILER_APPICON_NAME = AppIcon;
				CODE_SIGN_IDENTITY = "iPhone Developer";
				"CODE_SIGN_IDENTITY[sdk=iphoneos*]" = "iPhone Developer";
				INFOPLIST_FILE = FunFacts/Info.plist;
				LD_RUNPATH_SEARCH_PATHS = "$(inherited) @executable_path/Frameworks";
				PRODUCT_BUNDLE_IDENTIFIER = com.julianocera.FunFacts;
				PRODUCT_NAME = "$(TARGET_NAME)";
				PROVISIONING_PROFILE = "";
			};
			name = Debug;
		};
		3D3B406B1D1D93070036F2CB /* Release */ = {
			isa = XCBuildConfiguration;
			buildSettings = {
				ASSETCATALOG_COMPILER_APPICON_NAME = AppIcon;
				CODE_SIGN_IDENTITY = "iPhone Developer";
				"CODE_SIGN_IDENTITY[sdk=iphoneos*]" = "iPhone Developer";
				INFOPLIST_FILE = FunFacts/Info.plist;
				LD_RUNPATH_SEARCH_PATHS = "$(inherited) @executable_path/Frameworks";
				PRODUCT_BUNDLE_IDENTIFIER = com.julianocera.FunFacts;
				PRODUCT_NAME = "$(TARGET_NAME)";
				PROVISIONING_PROFILE = "";
			};
			name = Release;
		};
		3D3B406D1D1D93070036F2CB /* Debug */ = {
			isa = XCBuildConfiguration;
			buildSettings = {
				BUNDLE_LOADER = "$(TEST_HOST)";
				INFOPLIST_FILE = FunFactsTests/Info.plist;
				LD_RUNPATH_SEARCH_PATHS = "$(inherited) @executable_path/Frameworks @loader_path/Frameworks";
				PRODUCT_BUNDLE_IDENTIFIER = com.julianocera.FunFactsTests;
				PRODUCT_NAME = "$(TARGET_NAME)";
				TEST_HOST = "$(BUILT_PRODUCTS_DIR)/FunFacts.app/FunFacts";
			};
			name = Debug;
		};
		3D3B406E1D1D93070036F2CB /* Release */ = {
			isa = XCBuildConfiguration;
			buildSettings = {
				BUNDLE_LOADER = "$(TEST_HOST)";
				INFOPLIST_FILE = FunFactsTests/Info.plist;
				LD_RUNPATH_SEARCH_PATHS = "$(inherited) @executable_path/Frameworks @loader_path/Frameworks";
				PRODUCT_BUNDLE_IDENTIFIER = com.julianocera.FunFactsTests;
				PRODUCT_NAME = "$(TARGET_NAME)";
				TEST_HOST = "$(BUILT_PRODUCTS_DIR)/FunFacts.app/FunFacts";
			};
			name = Release;
		};
		3D3B40701D1D93070036F2CB /* Debug */ = {
			isa = XCBuildConfiguration;
			buildSettings = {
				INFOPLIST_FILE = FunFactsUITests/Info.plist;
				LD_RUNPATH_SEARCH_PATHS = "$(inherited) @executable_path/Frameworks @loader_path/Frameworks";
				PRODUCT_BUNDLE_IDENTIFIER = com.julianocera.FunFactsUITests;
				PRODUCT_NAME = "$(TARGET_NAME)";
				TEST_TARGET_NAME = FunFacts;
			};
			name = Debug;
		};
		3D3B40711D1D93070036F2CB /* Release */ = {
			isa = XCBuildConfiguration;
			buildSettings = {
				INFOPLIST_FILE = FunFactsUITests/Info.plist;
				LD_RUNPATH_SEARCH_PATHS = "$(inherited) @executable_path/Frameworks @loader_path/Frameworks";
				PRODUCT_BUNDLE_IDENTIFIER = com.julianocera.FunFactsUITests;
				PRODUCT_NAME = "$(TARGET_NAME)";
				TEST_TARGET_NAME = FunFacts;
			};
			name = Release;
		};
/* End XCBuildConfiguration section */

/* Begin XCConfigurationList section */
		3D3B403C1D1D93070036F2CB /* Build configuration list for PBXProject "FunFacts" */ = {
			isa = XCConfigurationList;
			buildConfigurations = (
				3D3B40671D1D93070036F2CB /* Debug */,
				3D3B40681D1D93070036F2CB /* Release */,
			);
			defaultConfigurationIsVisible = 0;
			defaultConfigurationName = Release;
		};
		3D3B40691D1D93070036F2CB /* Build configuration list for PBXNativeTarget "FunFacts" */ = {
			isa = XCConfigurationList;
			buildConfigurations = (
				3D3B406A1D1D93070036F2CB /* Debug */,
				3D3B406B1D1D93070036F2CB /* Release */,
			);
			defaultConfigurationIsVisible = 0;
			defaultConfigurationName = Release;
		};
		3D3B406C1D1D93070036F2CB /* Build configuration list for PBXNativeTarget "FunFactsTests" */ = {
			isa = XCConfigurationList;
			buildConfigurations = (
				3D3B406D1D1D93070036F2CB /* Debug */,
				3D3B406E1D1D93070036F2CB /* Release */,
			);
			defaultConfigurationIsVisible = 0;
			defaultConfigurationName = Release;
		};
		3D3B406F1D1D93070036F2CB /* Build configuration list for PBXNativeTarget "FunFactsUITests" */ = {
			isa = XCConfigurationList;
			buildConfigurations = (
				3D3B40701D1D93070036F2CB /* Debug */,
				3D3B40711D1D93070036F2CB /* Release */,
			);
			defaultConfigurationIsVisible = 0;
			defaultConfigurationName = Release;
		};
/* End XCConfigurationList section */
	};
	rootObject = 3D3B40391D1D93070036F2CB /* Project object */;
}
